// !$*UTF8*$!
{
	archiveVersion = 1;
	classes = {
	};
	objectVersion = 50;
	objects = {

/* Begin PBXBuildFile section */
		84750283074BB97AA967499A /* Pods_iOS_skeleton_Matea.framework in Frameworks */ = {isa = PBXBuildFile; fileRef = 6E141526D310C6E5BA80B55D /* Pods_iOS_skeleton_Matea.framework */; };
		A8024FA124E8B444006C2D74 /* LaunchScreen.storyboard in Resources */ = {isa = PBXBuildFile; fileRef = A8024F9C24E8B444006C2D74 /* LaunchScreen.storyboard */; };
		A8024FA224E8B444006C2D74 /* AppDelegate.swift in Sources */ = {isa = PBXBuildFile; fileRef = A8024F9E24E8B444006C2D74 /* AppDelegate.swift */; };
		A8024FA824E941EB006C2D74 /* Localizable.strings in Resources */ = {isa = PBXBuildFile; fileRef = A8024FA724E941EB006C2D74 /* Localizable.strings */; };
		A8024FAD24E94225006C2D74 /* Colors.xcassets in Resources */ = {isa = PBXBuildFile; fileRef = A8024FAC24E94225006C2D74 /* Colors.xcassets */; };
		A82084DD24E94E6D001678B7 /* Images.xcassets in Resources */ = {isa = PBXBuildFile; fileRef = A8024FAA24E9421D006C2D74 /* Images.xcassets */; };
		A8603AA624E8AA1A00A98834 /* Preview Assets.xcassets in Resources */ = {isa = PBXBuildFile; fileRef = A8603AA524E8AA1A00A98834 /* Preview Assets.xcassets */; };
		A88279C224E9651900777EB8 /* Strings.swift in Sources */ = {isa = PBXBuildFile; fileRef = A88279BF24E9651900777EB8 /* Strings.swift */; };
		A88279C324E9651900777EB8 /* Assets.swift in Sources */ = {isa = PBXBuildFile; fileRef = A88279C024E9651900777EB8 /* Assets.swift */; };
		A88279C424E9651900777EB8 /* Storyboards.swift in Sources */ = {isa = PBXBuildFile; fileRef = A88279C124E9651900777EB8 /* Storyboards.swift */; };
/* End PBXBuildFile section */

/* Begin PBXContainerItemProxy section */
		A88279DE24E9886A00777EB8 /* PBXContainerItemProxy */ = {
			isa = PBXContainerItemProxy;
			containerPortal = A88279DA24E9886900777EB8 /* Core.xcodeproj */;
			proxyType = 2;
			remoteGlobalIDString = A88279CF24E9886900777EB8;
			remoteInfo = Core;
		};
/* End PBXContainerItemProxy section */

/* Begin PBXFileReference section */
		6E141526D310C6E5BA80B55D /* Pods_iOS_skeleton_Matea.framework */ = {isa = PBXFileReference; explicitFileType = wrapper.framework; includeInIndex = 0; path = Pods_iOS_skeleton_Matea.framework; sourceTree = BUILT_PRODUCTS_DIR; };
		A5A5BF8B5F4EA8045592F2AC /* Pods-iOS-skeleton-Matea.debug.xcconfig */ = {isa = PBXFileReference; includeInIndex = 1; lastKnownFileType = text.xcconfig; name = "Pods-iOS-skeleton-Matea.debug.xcconfig"; path = "Target Support Files/Pods-iOS-skeleton-Matea/Pods-iOS-skeleton-Matea.debug.xcconfig"; sourceTree = "<group>"; };
		A8024F9A24E8B444006C2D74 /* Info.plist */ = {isa = PBXFileReference; fileEncoding = 4; lastKnownFileType = text.plist.xml; path = Info.plist; sourceTree = "<group>"; };
		A8024F9D24E8B444006C2D74 /* Base */ = {isa = PBXFileReference; lastKnownFileType = file.storyboard; name = Base; path = Base.lproj/LaunchScreen.storyboard; sourceTree = "<group>"; };
		A8024F9E24E8B444006C2D74 /* AppDelegate.swift */ = {isa = PBXFileReference; fileEncoding = 4; lastKnownFileType = sourcecode.swift; path = AppDelegate.swift; sourceTree = "<group>"; };
		A8024FA724E941EB006C2D74 /* Localizable.strings */ = {isa = PBXFileReference; lastKnownFileType = text.plist.strings; path = Localizable.strings; sourceTree = "<group>"; };
		A8024FAA24E9421D006C2D74 /* Images.xcassets */ = {isa = PBXFileReference; lastKnownFileType = folder.assetcatalog; path = Images.xcassets; sourceTree = "<group>"; };
		A8024FAC24E94225006C2D74 /* Colors.xcassets */ = {isa = PBXFileReference; lastKnownFileType = folder.assetcatalog; path = Colors.xcassets; sourceTree = "<group>"; };
		A8603A9924E8AA1800A98834 /* iOS-skeleton-Matea.app */ = {isa = PBXFileReference; explicitFileType = wrapper.application; includeInIndex = 0; path = "iOS-skeleton-Matea.app"; sourceTree = BUILT_PRODUCTS_DIR; };
		A8603AA524E8AA1A00A98834 /* Preview Assets.xcassets */ = {isa = PBXFileReference; lastKnownFileType = folder.assetcatalog; path = "Preview Assets.xcassets"; sourceTree = "<group>"; };
		A88279BF24E9651900777EB8 /* Strings.swift */ = {isa = PBXFileReference; fileEncoding = 4; lastKnownFileType = sourcecode.swift; path = Strings.swift; sourceTree = "<group>"; };
		A88279C024E9651900777EB8 /* Assets.swift */ = {isa = PBXFileReference; fileEncoding = 4; lastKnownFileType = sourcecode.swift; path = Assets.swift; sourceTree = "<group>"; };
		A88279C124E9651900777EB8 /* Storyboards.swift */ = {isa = PBXFileReference; fileEncoding = 4; lastKnownFileType = sourcecode.swift; path = Storyboards.swift; sourceTree = "<group>"; };
		A88279DA24E9886900777EB8 /* Core.xcodeproj */ = {isa = PBXFileReference; lastKnownFileType = "wrapper.pb-project"; name = Core.xcodeproj; path = Core/Core.xcodeproj; sourceTree = "<group>"; };
		D338E905B98355E42B069E02 /* Pods-iOS-skeleton-Matea.release.xcconfig */ = {isa = PBXFileReference; includeInIndex = 1; lastKnownFileType = text.xcconfig; name = "Pods-iOS-skeleton-Matea.release.xcconfig"; path = "Target Support Files/Pods-iOS-skeleton-Matea/Pods-iOS-skeleton-Matea.release.xcconfig"; sourceTree = "<group>"; };
/* End PBXFileReference section */

/* Begin PBXFrameworksBuildPhase section */
		A8603A9624E8AA1800A98834 /* Frameworks */ = {
			isa = PBXFrameworksBuildPhase;
			buildActionMask = 2147483647;
			files = (
				84750283074BB97AA967499A /* Pods_iOS_skeleton_Matea.framework in Frameworks */,
			);
			runOnlyForDeploymentPostprocessing = 0;
		};
/* End PBXFrameworksBuildPhase section */

/* Begin PBXGroup section */
		3B0A1CD3CB9DA12A94BE521C /* Frameworks */ = {
			isa = PBXGroup;
			children = (
				6E141526D310C6E5BA80B55D /* Pods_iOS_skeleton_Matea.framework */,
			);
			name = Frameworks;
			sourceTree = "<group>";
		};
		A8024F9724E8B444006C2D74 /* Resources */ = {
			isa = PBXGroup;
			children = (
				A8024FA624E941CE006C2D74 /* Strings */,
				A8024FAA24E9421D006C2D74 /* Images.xcassets */,
				A8024FAC24E94225006C2D74 /* Colors.xcassets */,
			);
			path = Resources;
			sourceTree = "<group>";
		};
		A8024F9924E8B444006C2D74 /* Supporting Files */ = {
			isa = PBXGroup;
			children = (
				A8024F9A24E8B444006C2D74 /* Info.plist */,
			);
			path = "Supporting Files";
			sourceTree = "<group>";
		};
		A8024F9B24E8B444006C2D74 /* Main */ = {
			isa = PBXGroup;
			children = (
				A8024F9C24E8B444006C2D74 /* LaunchScreen.storyboard */,
				A8024F9E24E8B444006C2D74 /* AppDelegate.swift */,
			);
			path = Main;
			sourceTree = "<group>";
		};
		A8024FA424E940A6006C2D74 /* Classes */ = {
			isa = PBXGroup;
			children = (
				A88279BA24E95B9900777EB8 /* Logic */,
				A8024FA524E941B9006C2D74 /* User Interface */,
				A8024F9B24E8B444006C2D74 /* Main */,
			);
			path = Classes;
			sourceTree = "<group>";
		};
		A8024FA524E941B9006C2D74 /* User Interface */ = {
			isa = PBXGroup;
			children = (
				A88279B824E95B6D00777EB8 /* Components */,
				A88279B724E95B3B00777EB8 /* Flows */,
				A88279B924E95B7200777EB8 /* Utilities */,
			);
			path = "User Interface";
			sourceTree = "<group>";
		};
		A8024FA624E941CE006C2D74 /* Strings */ = {
			isa = PBXGroup;
			children = (
				A8024FA724E941EB006C2D74 /* Localizable.strings */,
			);
			path = Strings;
			sourceTree = "<group>";
		};
		A8603A9024E8AA1800A98834 = {
			isa = PBXGroup;
			children = (
				A8603A9B24E8AA1800A98834 /* iOS-skeleton-Matea */,
				A8603A9A24E8AA1800A98834 /* Products */,
				CDCD562F2AD40320C839FD59 /* Pods */,
				3B0A1CD3CB9DA12A94BE521C /* Frameworks */,
				A88279DA24E9886900777EB8 /* Core.xcodeproj */,
			);
			sourceTree = "<group>";
		};
		A8603A9A24E8AA1800A98834 /* Products */ = {
			isa = PBXGroup;
			children = (
				A8603A9924E8AA1800A98834 /* iOS-skeleton-Matea.app */,
			);
			name = Products;
			sourceTree = "<group>";
		};
		A8603A9B24E8AA1800A98834 /* iOS-skeleton-Matea */ = {
			isa = PBXGroup;
			children = (
				A8024FA424E940A6006C2D74 /* Classes */,
				A8024F9724E8B444006C2D74 /* Resources */,
				A88279BE24E9651900777EB8 /* Generated */,
				A8024F9924E8B444006C2D74 /* Supporting Files */,
				A8603AA424E8AA1A00A98834 /* Preview Content */,
			);
			path = "iOS-skeleton-Matea";
			sourceTree = "<group>";
		};
		A8603AA424E8AA1A00A98834 /* Preview Content */ = {
			isa = PBXGroup;
			children = (
				A8603AA524E8AA1A00A98834 /* Preview Assets.xcassets */,
			);
			path = "Preview Content";
			sourceTree = "<group>";
		};
		A88279B724E95B3B00777EB8 /* Flows */ = {
			isa = PBXGroup;
			children = (
			);
			path = Flows;
			sourceTree = "<group>";
		};
		A88279B824E95B6D00777EB8 /* Components */ = {
			isa = PBXGroup;
			children = (
			);
			path = Components;
			sourceTree = "<group>";
		};
		A88279B924E95B7200777EB8 /* Utilities */ = {
			isa = PBXGroup;
			children = (
			);
			path = Utilities;
			sourceTree = "<group>";
		};
		A88279BA24E95B9900777EB8 /* Logic */ = {
			isa = PBXGroup;
			children = (
				A88279BB24E95BA200777EB8 /* Extensions */,
			);
			path = Logic;
			sourceTree = "<group>";
		};
		A88279BB24E95BA200777EB8 /* Extensions */ = {
			isa = PBXGroup;
			children = (
				A88279BD24E95BB900777EB8 /* Foundation */,
				A88279BC24E95BB200777EB8 /* UIKit */,
			);
			path = Extensions;
			sourceTree = "<group>";
		};
		A88279BC24E95BB200777EB8 /* UIKit */ = {
			isa = PBXGroup;
			children = (
			);
			path = UIKit;
			sourceTree = "<group>";
		};
		A88279BD24E95BB900777EB8 /* Foundation */ = {
			isa = PBXGroup;
			children = (
			);
			path = Foundation;
			sourceTree = "<group>";
		};
		A88279BE24E9651900777EB8 /* Generated */ = {
			isa = PBXGroup;
			children = (
				A88279BF24E9651900777EB8 /* Strings.swift */,
				A88279C024E9651900777EB8 /* Assets.swift */,
				A88279C124E9651900777EB8 /* Storyboards.swift */,
			);
			path = Generated;
			sourceTree = "<group>";
		};
		A88279DB24E9886900777EB8 /* Products */ = {
			isa = PBXGroup;
			children = (
				A88279DF24E9886A00777EB8 /* Core.framework */,
			);
			name = Products;
			sourceTree = "<group>";
		};
		CDCD562F2AD40320C839FD59 /* Pods */ = {
			isa = PBXGroup;
			children = (
				A5A5BF8B5F4EA8045592F2AC /* Pods-iOS-skeleton-Matea.debug.xcconfig */,
				D338E905B98355E42B069E02 /* Pods-iOS-skeleton-Matea.release.xcconfig */,
			);
			path = Pods;
			sourceTree = "<group>";
		};
/* End PBXGroup section */

/* Begin PBXNativeTarget section */
		A8603A9824E8AA1800A98834 /* iOS-skeleton-Matea */ = {
			isa = PBXNativeTarget;
			buildConfigurationList = A8603AAD24E8AA1A00A98834 /* Build configuration list for PBXNativeTarget "iOS-skeleton-Matea" */;
			buildPhases = (
				BA541FC3E435F9BCE6DAA149 /* [CP] Check Pods Manifest.lock */,
				A82084DF24E952F2001678B7 /* SwiftGen */,
				A8603A9524E8AA1800A98834 /* Sources */,
				A82084E324E957A9001678B7 /* SwiftLint */,
				A8603A9624E8AA1800A98834 /* Frameworks */,
				A8603A9724E8AA1800A98834 /* Resources */,
			);
			buildRules = (
			);
			dependencies = (
			);
			name = "iOS-skeleton-Matea";
			productName = "iOS-skeleton-Matea";
			productReference = A8603A9924E8AA1800A98834 /* iOS-skeleton-Matea.app */;
			productType = "com.apple.product-type.application";
		};
/* End PBXNativeTarget section */

/* Begin PBXProject section */
		A8603A9124E8AA1800A98834 /* Project object */ = {
			isa = PBXProject;
			attributes = {
				LastSwiftUpdateCheck = 1130;
				LastUpgradeCheck = 1130;
				ORGANIZATIONNAME = "Matea Andrei";
				TargetAttributes = {
					A8603A9824E8AA1800A98834 = {
						CreatedOnToolsVersion = 11.3.1;
					};
				};
			};
			buildConfigurationList = A8603A9424E8AA1800A98834 /* Build configuration list for PBXProject "iOS-skeleton-Matea" */;
			compatibilityVersion = "Xcode 9.3";
			developmentRegion = en;
			hasScannedForEncodings = 0;
			knownRegions = (
				en,
				Base,
			);
			mainGroup = A8603A9024E8AA1800A98834;
			productRefGroup = A8603A9A24E8AA1800A98834 /* Products */;
			projectDirPath = "";
			projectReferences = (
				{
					ProductGroup = A88279DB24E9886900777EB8 /* Products */;
					ProjectRef = A88279DA24E9886900777EB8 /* Core.xcodeproj */;
				},
			);
			projectRoot = "";
			targets = (
				A8603A9824E8AA1800A98834 /* iOS-skeleton-Matea */,
			);
		};
/* End PBXProject section */

/* Begin PBXReferenceProxy section */
		A88279DF24E9886A00777EB8 /* Core.framework */ = {
			isa = PBXReferenceProxy;
			fileType = wrapper.framework;
			path = Core.framework;
			remoteRef = A88279DE24E9886A00777EB8 /* PBXContainerItemProxy */;
			sourceTree = BUILT_PRODUCTS_DIR;
		};
/* End PBXReferenceProxy section */

/* Begin PBXResourcesBuildPhase section */
		A8603A9724E8AA1800A98834 /* Resources */ = {
			isa = PBXResourcesBuildPhase;
			buildActionMask = 2147483647;
			files = (
				A8024FA824E941EB006C2D74 /* Localizable.strings in Resources */,
				A82084DD24E94E6D001678B7 /* Images.xcassets in Resources */,
				A8024FAD24E94225006C2D74 /* Colors.xcassets in Resources */,
				A8024FA124E8B444006C2D74 /* LaunchScreen.storyboard in Resources */,
				A8603AA624E8AA1A00A98834 /* Preview Assets.xcassets in Resources */,
			);
			runOnlyForDeploymentPostprocessing = 0;
		};
/* End PBXResourcesBuildPhase section */

/* Begin PBXShellScriptBuildPhase section */
		A82084DF24E952F2001678B7 /* SwiftGen */ = {
			isa = PBXShellScriptBuildPhase;
			buildActionMask = 2147483647;
			files = (
			);
			inputFileListPaths = (
			);
			inputPaths = (
			);
			name = SwiftGen;
			outputFileListPaths = (
			);
			outputPaths = (
			);
			runOnlyForDeploymentPostprocessing = 0;
			shellPath = /bin/sh;
			shellScript = "\"$PODS_ROOT/SwiftGen/bin/swiftgen\"\n";
		};
		A82084E324E957A9001678B7 /* SwiftLint */ = {
			isa = PBXShellScriptBuildPhase;
			buildActionMask = 2147483647;
			files = (
			);
			inputFileListPaths = (
			);
			inputPaths = (
			);
			name = SwiftLint;
			outputFileListPaths = (
			);
			outputPaths = (
			);
			runOnlyForDeploymentPostprocessing = 0;
			shellPath = /bin/sh;
			shellScript = "\"${PODS_ROOT}/SwiftLint/swiftlint\"\n";
		};
		BA541FC3E435F9BCE6DAA149 /* [CP] Check Pods Manifest.lock */ = {
			isa = PBXShellScriptBuildPhase;
			buildActionMask = 2147483647;
			files = (
			);
			inputFileListPaths = (
			);
			inputPaths = (
				"${PODS_PODFILE_DIR_PATH}/Podfile.lock",
				"${PODS_ROOT}/Manifest.lock",
			);
			name = "[CP] Check Pods Manifest.lock";
			outputFileListPaths = (
			);
			outputPaths = (
				"$(DERIVED_FILE_DIR)/Pods-iOS-skeleton-Matea-checkManifestLockResult.txt",
			);
			runOnlyForDeploymentPostprocessing = 0;
			shellPath = /bin/sh;
			shellScript = "diff \"${PODS_PODFILE_DIR_PATH}/Podfile.lock\" \"${PODS_ROOT}/Manifest.lock\" > /dev/null\nif [ $? != 0 ] ; then\n    # print error to STDERR\n    echo \"error: The sandbox is not in sync with the Podfile.lock. Run 'pod install' or update your CocoaPods installation.\" >&2\n    exit 1\nfi\n# This output is used by Xcode 'outputs' to avoid re-running this script phase.\necho \"SUCCESS\" > \"${SCRIPT_OUTPUT_FILE_0}\"\n";
			showEnvVarsInLog = 0;
		};
/* End PBXShellScriptBuildPhase section */

/* Begin PBXSourcesBuildPhase section */
		A8603A9524E8AA1800A98834 /* Sources */ = {
			isa = PBXSourcesBuildPhase;
			buildActionMask = 2147483647;
			files = (
				A88279C424E9651900777EB8 /* Storyboards.swift in Sources */,
				A88279C224E9651900777EB8 /* Strings.swift in Sources */,
				A8024FA224E8B444006C2D74 /* AppDelegate.swift in Sources */,
				A88279C324E9651900777EB8 /* Assets.swift in Sources */,
			);
			runOnlyForDeploymentPostprocessing = 0;
		};
/* End PBXSourcesBuildPhase section */

/* Begin PBXVariantGroup section */
		A8024F9C24E8B444006C2D74 /* LaunchScreen.storyboard */ = {
			isa = PBXVariantGroup;
			children = (
				A8024F9D24E8B444006C2D74 /* Base */,
			);
			name = LaunchScreen.storyboard;
			sourceTree = "<group>";
		};
/* End PBXVariantGroup section */

/* Begin XCBuildConfiguration section */
		A8603AAB24E8AA1A00A98834 /* Debug */ = {
			isa = XCBuildConfiguration;
			buildSettings = {
				ALWAYS_SEARCH_USER_PATHS = NO;
				CLANG_ANALYZER_NONNULL = YES;
				CLANG_ANALYZER_NUMBER_OBJECT_CONVERSION = YES_AGGRESSIVE;
				CLANG_CXX_LANGUAGE_STANDARD = "gnu++14";
				CLANG_CXX_LIBRARY = "libc++";
				CLANG_ENABLE_MODULES = YES;
				CLANG_ENABLE_OBJC_ARC = YES;
				CLANG_ENABLE_OBJC_WEAK = YES;
				CLANG_WARN_BLOCK_CAPTURE_AUTORELEASING = YES;
				CLANG_WARN_BOOL_CONVERSION = YES;
				CLANG_WARN_COMMA = YES;
				CLANG_WARN_CONSTANT_CONVERSION = YES;
				CLANG_WARN_DEPRECATED_OBJC_IMPLEMENTATIONS = YES;
				CLANG_WARN_DIRECT_OBJC_ISA_USAGE = YES_ERROR;
				CLANG_WARN_DOCUMENTATION_COMMENTS = YES;
				CLANG_WARN_EMPTY_BODY = YES;
				CLANG_WARN_ENUM_CONVERSION = YES;
				CLANG_WARN_INFINITE_RECURSION = YES;
				CLANG_WARN_INT_CONVERSION = YES;
				CLANG_WARN_NON_LITERAL_NULL_CONVERSION = YES;
				CLANG_WARN_OBJC_IMPLICIT_RETAIN_SELF = YES;
				CLANG_WARN_OBJC_LITERAL_CONVERSION = YES;
				CLANG_WARN_OBJC_ROOT_CLASS = YES_ERROR;
				CLANG_WARN_RANGE_LOOP_ANALYSIS = YES;
				CLANG_WARN_STRICT_PROTOTYPES = YES;
				CLANG_WARN_SUSPICIOUS_MOVE = YES;
				CLANG_WARN_UNGUARDED_AVAILABILITY = YES_AGGRESSIVE;
				CLANG_WARN_UNREACHABLE_CODE = YES;
				CLANG_WARN__DUPLICATE_METHOD_MATCH = YES;
				COPY_PHASE_STRIP = NO;
				DEBUG_INFORMATION_FORMAT = dwarf;
				ENABLE_STRICT_OBJC_MSGSEND = YES;
				ENABLE_TESTABILITY = YES;
				GCC_C_LANGUAGE_STANDARD = gnu11;
				GCC_DYNAMIC_NO_PIC = NO;
				GCC_NO_COMMON_BLOCKS = YES;
				GCC_OPTIMIZATION_LEVEL = 0;
				GCC_PREPROCESSOR_DEFINITIONS = (
					"DEBUG=1",
					"$(inherited)",
				);
				GCC_WARN_64_TO_32_BIT_CONVERSION = YES;
				GCC_WARN_ABOUT_RETURN_TYPE = YES_ERROR;
				GCC_WARN_UNDECLARED_SELECTOR = YES;
				GCC_WARN_UNINITIALIZED_AUTOS = YES_AGGRESSIVE;
				GCC_WARN_UNUSED_FUNCTION = YES;
				GCC_WARN_UNUSED_VARIABLE = YES;
				IPHONEOS_DEPLOYMENT_TARGET = 13.2;
				MTL_ENABLE_DEBUG_INFO = INCLUDE_SOURCE;
				MTL_FAST_MATH = YES;
				ONLY_ACTIVE_ARCH = YES;
				SDKROOT = iphoneos;
				SWIFT_ACTIVE_COMPILATION_CONDITIONS = DEBUG;
				SWIFT_OPTIMIZATION_LEVEL = "-Onone";
			};
			name = Debug;
		};
		A8603AAC24E8AA1A00A98834 /* Release */ = {
			isa = XCBuildConfiguration;
			buildSettings = {
				ALWAYS_SEARCH_USER_PATHS = NO;
				CLANG_ANALYZER_NONNULL = YES;
				CLANG_ANALYZER_NUMBER_OBJECT_CONVERSION = YES_AGGRESSIVE;
				CLANG_CXX_LANGUAGE_STANDARD = "gnu++14";
				CLANG_CXX_LIBRARY = "libc++";
				CLANG_ENABLE_MODULES = YES;
				CLANG_ENABLE_OBJC_ARC = YES;
				CLANG_ENABLE_OBJC_WEAK = YES;
				CLANG_WARN_BLOCK_CAPTURE_AUTORELEASING = YES;
				CLANG_WARN_BOOL_CONVERSION = YES;
				CLANG_WARN_COMMA = YES;
				CLANG_WARN_CONSTANT_CONVERSION = YES;
				CLANG_WARN_DEPRECATED_OBJC_IMPLEMENTATIONS = YES;
				CLANG_WARN_DIRECT_OBJC_ISA_USAGE = YES_ERROR;
				CLANG_WARN_DOCUMENTATION_COMMENTS = YES;
				CLANG_WARN_EMPTY_BODY = YES;
				CLANG_WARN_ENUM_CONVERSION = YES;
				CLANG_WARN_INFINITE_RECURSION = YES;
				CLANG_WARN_INT_CONVERSION = YES;
				CLANG_WARN_NON_LITERAL_NULL_CONVERSION = YES;
				CLANG_WARN_OBJC_IMPLICIT_RETAIN_SELF = YES;
				CLANG_WARN_OBJC_LITERAL_CONVERSION = YES;
				CLANG_WARN_OBJC_ROOT_CLASS = YES_ERROR;
				CLANG_WARN_RANGE_LOOP_ANALYSIS = YES;
				CLANG_WARN_STRICT_PROTOTYPES = YES;
				CLANG_WARN_SUSPICIOUS_MOVE = YES;
				CLANG_WARN_UNGUARDED_AVAILABILITY = YES_AGGRESSIVE;
				CLANG_WARN_UNREACHABLE_CODE = YES;
				CLANG_WARN__DUPLICATE_METHOD_MATCH = YES;
				COPY_PHASE_STRIP = NO;
				DEBUG_INFORMATION_FORMAT = "dwarf-with-dsym";
				ENABLE_NS_ASSERTIONS = NO;
				ENABLE_STRICT_OBJC_MSGSEND = YES;
				GCC_C_LANGUAGE_STANDARD = gnu11;
				GCC_NO_COMMON_BLOCKS = YES;
				GCC_WARN_64_TO_32_BIT_CONVERSION = YES;
				GCC_WARN_ABOUT_RETURN_TYPE = YES_ERROR;
				GCC_WARN_UNDECLARED_SELECTOR = YES;
				GCC_WARN_UNINITIALIZED_AUTOS = YES_AGGRESSIVE;
				GCC_WARN_UNUSED_FUNCTION = YES;
				GCC_WARN_UNUSED_VARIABLE = YES;
				IPHONEOS_DEPLOYMENT_TARGET = 13.2;
				MTL_ENABLE_DEBUG_INFO = NO;
				MTL_FAST_MATH = YES;
				SDKROOT = iphoneos;
				SWIFT_COMPILATION_MODE = wholemodule;
				SWIFT_OPTIMIZATION_LEVEL = "-O";
				VALIDATE_PRODUCT = YES;
			};
			name = Release;
		};
		A8603AAE24E8AA1A00A98834 /* Debug */ = {
			isa = XCBuildConfiguration;
			baseConfigurationReference = A5A5BF8B5F4EA8045592F2AC /* Pods-iOS-skeleton-Matea.debug.xcconfig */;
			buildSettings = {
				ASSETCATALOG_COMPILER_APPICON_NAME = AppIcon;
				CODE_SIGN_STYLE = Automatic;
				DEVELOPMENT_ASSET_PATHS = "\"iOS-skeleton-Matea/Preview Content\"";
				DEVELOPMENT_TEAM = W8PP533FSL;
				ENABLE_PREVIEWS = YES;
				INFOPLIST_FILE = "$(SRCROOT)/iOS-skeleton-Matea/Supporting Files/Info.plist";
				LD_RUNPATH_SEARCH_PATHS = (
					"$(inherited)",
					"@executable_path/Frameworks",
				);
				PRODUCT_BUNDLE_IDENTIFIER = "com.ios-skeleton-Matea.iOS-skeleton-Matea";
				PRODUCT_NAME = "$(TARGET_NAME)";
				SWIFT_VERSION = 5.0;
				TARGETED_DEVICE_FAMILY = 1;
			};
			name = Debug;
		};
		A8603AAF24E8AA1A00A98834 /* Release */ = {
			isa = XCBuildConfiguration;
			baseConfigurationReference = D338E905B98355E42B069E02 /* Pods-iOS-skeleton-Matea.release.xcconfig */;
			buildSettings = {
				ASSETCATALOG_COMPILER_APPICON_NAME = AppIcon;
				CODE_SIGN_STYLE = Automatic;
				DEVELOPMENT_ASSET_PATHS = "\"iOS-skeleton-Matea/Preview Content\"";
				DEVELOPMENT_TEAM = W8PP533FSL;
				ENABLE_PREVIEWS = YES;
				INFOPLIST_FILE = "$(SRCROOT)/iOS-skeleton-Matea/Supporting Files/Info.plist";
				LD_RUNPATH_SEARCH_PATHS = (
					"$(inherited)",
					"@executable_path/Frameworks",
				);
				PRODUCT_BUNDLE_IDENTIFIER = "com.ios-skeleton-Matea.iOS-skeleton-Matea";
				PRODUCT_NAME = "$(TARGET_NAME)";
				SWIFT_VERSION = 5.0;
				TARGETED_DEVICE_FAMILY = 1;
			};
			name = Release;
		};
/* End XCBuildConfiguration section */

/* Begin XCConfigurationList section */
		A8603A9424E8AA1800A98834 /* Build configuration list for PBXProject "iOS-skeleton-Matea" */ = {
			isa = XCConfigurationList;
			buildConfigurations = (
				A8603AAB24E8AA1A00A98834 /* Debug */,
				A8603AAC24E8AA1A00A98834 /* Release */,
			);
			defaultConfigurationIsVisible = 0;
			defaultConfigurationName = Release;
		};
		A8603AAD24E8AA1A00A98834 /* Build configuration list for PBXNativeTarget "iOS-skeleton-Matea" */ = {
			isa = XCConfigurationList;
			buildConfigurations = (
				A8603AAE24E8AA1A00A98834 /* Debug */,
				A8603AAF24E8AA1A00A98834 /* Release */,
			);
			defaultConfigurationIsVisible = 0;
			defaultConfigurationName = Release;
		};
/* End XCConfigurationList section */
	};
	rootObject = A8603A9124E8AA1800A98834 /* Project object */;
}
